
Microsoft Visual Studio Solution File, Format Version 12.00
# Visual Studio Version 16
VisualStudioVersion = 16.6.30114.105
MinimumVisualStudioVersion = 10.0.40219.1
Project("{9A19103F-16F7-4668-BE54-9A1E7A4F7556}") = "ReactiveRx", "ReactiveRx\ReactiveRx.csproj", "{DF8FC8C6-3044-4AA4-A0DE-CE66207A1E9F}"
EndProject
Project("{9A19103F-16F7-4668-BE54-9A1E7A4F7556}") = "ReactiveRx.Obs", "ReactiveRx.Obs\ReactiveRx.Obs.csproj", "{6609A074-E5EE-4480-8D62-AE41A588CFF2}"
EndProject
Project("{9A19103F-16F7-4668-BE54-9A1E7A4F7556}") = "ReactiveRx.Sequences", "ReactiveRx.Sequences\ReactiveRx.Sequences.csproj", "{05D635F1-E6E0-4B91-9FF0-A2E4EAC1DDDB}"
EndProject
Project("{FAE04EC0-301F-11D3-BF4B-00C04F79EFBC}") = "ReactiveRx.ZAdv", "ReactiveRx.ZAdv\ReactiveRx.ZAdv.csproj", "{E4CA13E2-FA15-4921-A6CE-91CE02A06FC4}"
EndProject
Global
	GlobalSection(SolutionConfigurationPlatforms) = preSolution
		Debug|Any CPU = Debug|Any CPU
		Debug|x64 = Debug|x64
		Debug|x86 = Debug|x86
		Release|Any CPU = Release|Any CPU
		Release|x64 = Release|x64
		Release|x86 = Release|x86
	EndGlobalSection
	GlobalSection(ProjectConfigurationPlatforms) = postSolution
		{DF8FC8C6-3044-4AA4-A0DE-CE66207A1E9F}.Debug|Any CPU.ActiveCfg = Debug|Any CPU
		{DF8FC8C6-3044-4AA4-A0DE-CE66207A1E9F}.Debug|Any CPU.Build.0 = Debug|Any CPU
		{DF8FC8C6-3044-4AA4-A0DE-CE66207A1E9F}.Debug|x64.ActiveCfg = Debug|Any CPU
		{DF8FC8C6-3044-4AA4-A0DE-CE66207A1E9F}.Debug|x64.Build.0 = Debug|Any CPU
		{DF8FC8C6-3044-4AA4-A0DE-CE66207A1E9F}.Debug|x86.ActiveCfg = Debug|Any CPU
		{DF8FC8C6-3044-4AA4-A0DE-CE66207A1E9F}.Debug|x86.Build.0 = Debug|Any CPU
		{DF8FC8C6-3044-4AA4-A0DE-CE66207A1E9F}.Release|Any CPU.ActiveCfg = Release|Any CPU
		{DF8FC8C6-3044-4AA4-A0DE-CE66207A1E9F}.Release|Any CPU.Build.0 = Release|Any CPU
		{DF8FC8C6-3044-4AA4-A0DE-CE66207A1E9F}.Release|x64.ActiveCfg = Release|Any CPU
		{DF8FC8C6-3044-4AA4-A0DE-CE66207A1E9F}.Release|x64.Build.0 = Release|Any CPU
		{DF8FC8C6-3044-4AA4-A0DE-CE66207A1E9F}.Release|x86.ActiveCfg = Release|Any CPU
		{DF8FC8C6-3044-4AA4-A0DE-CE66207A1E9F}.Release|x86.Build.0 = Release|Any CPU
		{6609A074-E5EE-4480-8D62-AE41A588CFF2}.Debug|Any CPU.ActiveCfg = Debug|Any CPU
		{6609A074-E5EE-4480-8D62-AE41A588CFF2}.Debug|Any CPU.Build.0 = Debug|Any CPU
		{6609A074-E5EE-4480-8D62-AE41A588CFF2}.Debug|x64.ActiveCfg = Debug|Any CPU
		{6609A074-E5EE-4480-8D62-AE41A588CFF2}.Debug|x64.Build.0 = Debug|Any CPU
		{6609A074-E5EE-4480-8D62-AE41A588CFF2}.Debug|x86.ActiveCfg = Debug|Any CPU
		{6609A074-E5EE-4480-8D62-AE41A588CFF2}.Debug|x86.Build.0 = Debug|Any CPU
		{6609A074-E5EE-4480-8D62-AE41A588CFF2}.Release|Any CPU.ActiveCfg = Release|Any CPU
		{6609A074-E5EE-4480-8D62-AE41A588CFF2}.Release|Any CPU.Build.0 = Release|Any CPU
		{6609A074-E5EE-4480-8D62-AE41A588CFF2}.Release|x64.ActiveCfg = Release|Any CPU
		{6609A074-E5EE-4480-8D62-AE41A588CFF2}.Release|x64.Build.0 = Release|Any CPU
		{6609A074-E5EE-4480-8D62-AE41A588CFF2}.Release|x86.ActiveCfg = Release|Any CPU
		{6609A074-E5EE-4480-8D62-AE41A588CFF2}.Release|x86.Build.0 = Release|Any CPU
		{05D635F1-E6E0-4B91-9FF0-A2E4EAC1DDDB}.Debug|Any CPU.ActiveCfg = Debug|Any CPU
		{05D635F1-E6E0-4B91-9FF0-A2E4EAC1DDDB}.Debug|Any CPU.Build.0 = Debug|Any CPU
		{05D635F1-E6E0-4B91-9FF0-A2E4EAC1DDDB}.Debug|x64.ActiveCfg = Debug|Any CPU
		{05D635F1-E6E0-4B91-9FF0-A2E4EAC1DDDB}.Debug|x64.Build.0 = Debug|Any CPU
		{05D635F1-E6E0-4B91-9FF0-A2E4EAC1DDDB}.Debug|x86.ActiveCfg = Debug|Any CPU
		{05D635F1-E6E0-4B91-9FF0-A2E4EAC1DDDB}.Debug|x86.Build.0 = Debug|Any CPU
		{05D635F1-E6E0-4B91-9FF0-A2E4EAC1DDDB}.Release|Any CPU.ActiveCfg = Release|Any CPU
		{05D635F1-E6E0-4B91-9FF0-A2E4EAC1DDDB}.Release|Any CPU.Build.0 = Release|Any CPU
		{05D635F1-E6E0-4B91-9FF0-A2E4EAC1DDDB}.Release|x64.ActiveCfg = Release|Any CPU
		{05D635F1-E6E0-4B91-9FF0-A2E4EAC1DDDB}.Release|x64.Build.0 = Release|Any CPU
		{05D635F1-E6E0-4B91-9FF0-A2E4EAC1DDDB}.Release|x86.ActiveCfg = Release|Any CPU
		{05D635F1-E6E0-4B91-9FF0-A2E4EAC1DDDB}.Release|x86.Build.0 = Release|Any CPU
		{E4CA13E2-FA15-4921-A6CE-91CE02A06FC4}.Debug|Any CPU.ActiveCfg = Debug|Any CPU
		{E4CA13E2-FA15-4921-A6CE-91CE02A06FC4}.Debug|Any CPU.Build.0 = Debug|Any CPU
		{E4CA13E2-FA15-4921-A6CE-91CE02A06FC4}.Debug|x64.ActiveCfg = Debug|Any CPU
		{E4CA13E2-FA15-4921-A6CE-91CE02A06FC4}.Debug|x64.Build.0 = Debug|Any CPU
		{E4CA13E2-FA15-4921-A6CE-91CE02A06FC4}.Debug|x86.ActiveCfg = Debug|Any CPU
		{E4CA13E2-FA15-4921-A6CE-91CE02A06FC4}.Debug|x86.Build.0 = Debug|Any CPU
		{E4CA13E2-FA15-4921-A6CE-91CE02A06FC4}.Release|Any CPU.ActiveCfg = Release|Any CPU
		{E4CA13E2-FA15-4921-A6CE-91CE02A06FC4}.Release|Any CPU.Build.0 = Release|Any CPU
		{E4CA13E2-FA15-4921-A6CE-91CE02A06FC4}.Release|x64.ActiveCfg = Release|Any CPU
		{E4CA13E2-FA15-4921-A6CE-91CE02A06FC4}.Release|x64.Build.0 = Release|Any CPU
		{E4CA13E2-FA15-4921-A6CE-91CE02A06FC4}.Release|x86.ActiveCfg = Release|Any CPU
		{E4CA13E2-FA15-4921-A6CE-91CE02A06FC4}.Release|x86.Build.0 = Release|Any CPU
	EndGlobalSection
	GlobalSection(SolutionProperties) = preSolution
		HideSolutionNode = FALSE
	EndGlobalSection
	GlobalSection(ExtensibilityGlobals) = postSolution
		SolutionGuid = {546D9587-68F1-4403-99B4-58066B12AE66}
	EndGlobalSection
EndGlobal
